
Microsoft Visual Studio Solution File, Format Version 12.00
# Visual Studio 15
VisualStudioVersion = 15.0.28307.757
MinimumVisualStudioVersion = 10.0.40219.1
Project("{FAE04EC0-301F-11D3-BF4B-00C04F79EFBC}") = "Dollar Computer", "Assignment-5\Dollar Computer.csproj", "{EC1F924C-6363-4ACA-989D-D7E7F7E50F9D}"
EndProject
Global
	GlobalSection(SolutionConfigurationPlatforms) = preSolution
		Debug|Any CPU = Debug|Any CPU
		Release|Any CPU = Release|Any CPU
	EndGlobalSection
	GlobalSection(ProjectConfigurationPlatforms) = postSolution
		{EC1F924C-6363-4ACA-989D-D7E7F7E50F9D}.Debug|Any CPU.ActiveCfg = Debug|Any CPU
		{EC1F924C-6363-4ACA-989D-D7E7F7E50F9D}.Debug|Any CPU.Build.0 = Debug|Any CPU
		{EC1F924C-6363-4ACA-989D-D7E7F7E50F9D}.Release|Any CPU.ActiveCfg = Release|Any CPU
		{EC1F924C-6363-4ACA-989D-D7E7F7E50F9D}.Release|Any CPU.Build.0 = Release|Any CPU
	EndGlobalSection
	GlobalSection(SolutionProperties) = preSolution
		HideSolutionNode = FALSE
	EndGlobalSection
	GlobalSection(ExtensibilityGlobals) = postSolution
		SolutionGuid = {C1EC3477-C777-4231-8977-DED8DEC1E3F4}
	EndGlobalSection
EndGlobal
